// !$*UTF8*$!
{
	archiveVersion = 1;
	classes = {
	};
	objectVersion = 77;
	objects = {

/* Begin PBXBuildFile section */
		48387E242F41D6140055CC75 /* SDWebImage in Frameworks */ = {isa = PBXBuildFile; productRef = 48387E232F41D6140055CC75 /* SDWebImage */; };
/* End PBXBuildFile section */

/* Begin PBXContainerItemProxy section */
		48FEA18D2F30E9F5007986D3 /* PBXContainerItemProxy */ = {
			isa = PBXContainerItemProxy;
			containerPortal = 48FEA16E2F30E9F2007986D3 /* Project object */;
			proxyType = 1;
			remoteGlobalIDString = 48FEA1752F30E9F2007986D3;
			remoteInfo = "Netflix Clone Ukit";
		};
		48FEA1972F30E9F5007986D3 /* PBXContainerItemProxy */ = {
			isa = PBXContainerItemProxy;
			containerPortal = 48FEA16E2F30E9F2007986D3 /* Project object */;
			proxyType = 1;
			remoteGlobalIDString = 48FEA1752F30E9F2007986D3;
			remoteInfo = "Netflix Clone Ukit";
		};
/* End PBXContainerItemProxy section */

/* Begin PBXFileReference section */
		48FEA1762F30E9F2007986D3 /* Netflix Clone Ukit.app */ = {isa = PBXFileReference; explicitFileType = wrapper.application; includeInIndex = 0; path = "Netflix Clone Ukit.app"; sourceTree = BUILT_PRODUCTS_DIR; };
		48FEA18C2F30E9F5007986D3 /* Netflix Clone UkitTests.xctest */ = {isa = PBXFileReference; explicitFileType = wrapper.cfbundle; includeInIndex = 0; path = "Netflix Clone UkitTests.xctest"; sourceTree = BUILT_PRODUCTS_DIR; };
		48FEA1962F30E9F5007986D3 /* Netflix Clone UkitUITests.xctest */ = {isa = PBXFileReference; explicitFileType = wrapper.cfbundle; includeInIndex = 0; path = "Netflix Clone UkitUITests.xctest"; sourceTree = BUILT_PRODUCTS_DIR; };
/* End PBXFileReference section */

/* Begin PBXFileSystemSynchronizedBuildFileExceptionSet section */
		48FEA19E2F30E9F5007986D3 /* Exceptions for "Netflix Clone Ukit" folder in "Netflix Clone Ukit" target */ = {
			isa = PBXFileSystemSynchronizedBuildFileExceptionSet;
			membershipExceptions = (
				Info.plist,
			);
			target = 48FEA1752F30E9F2007986D3 /* Netflix Clone Ukit */;
		};
/* End PBXFileSystemSynchronizedBuildFileExceptionSet section */

/* Begin PBXFileSystemSynchronizedRootGroup section */
		48FEA1782F30E9F2007986D3 /* Netflix Clone Ukit */ = {
			isa = PBXFileSystemSynchronizedRootGroup;
			exceptions = (
				48FEA19E2F30E9F5007986D3 /* Exceptions for "Netflix Clone Ukit" folder in "Netflix Clone Ukit" target */,
			);
			path = "Netflix Clone Ukit";
			sourceTree = "<group>";
		};
		48FEA18F2F30E9F5007986D3 /* Netflix Clone UkitTests */ = {
			isa = PBXFileSystemSynchronizedRootGroup;
			path = "Netflix Clone UkitTests";
			sourceTree = "<group>";
		};
		48FEA1992F30E9F5007986D3 /* Netflix Clone UkitUITests */ = {
			isa = PBXFileSystemSynchronizedRootGroup;
			path = "Netflix Clone UkitUITests";
			sourceTree = "<group>";
		};
/* End PBXFileSystemSynchronizedRootGroup section */

/* Begin PBXFrameworksBuildPhase section */
		48FEA1732F30E9F2007986D3 /* Frameworks */ = {
			isa = PBXFrameworksBuildPhase;
			buildActionMask = 2147483647;
			files = (
				48387E242F41D6140055CC75 /* SDWebImage in Frameworks */,
			);
			runOnlyForDeploymentPostprocessing = 0;
		};
		48FEA1892F30E9F5007986D3 /* Frameworks */ = {
			isa = PBXFrameworksBuildPhase;
			buildActionMask = 2147483647;
			files = (
			);
			runOnlyForDeploymentPostprocessing = 0;
		};
		48FEA1932F30E9F5007986D3 /* Frameworks */ = {
			isa = PBXFrameworksBuildPhase;
			buildActionMask = 2147483647;
			files = (
			);
			runOnlyForDeploymentPostprocessing = 0;
		};
/* End PBXFrameworksBuildPhase section */

/* Begin PBXGroup section */
		48FEA16D2F30E9F2007986D3 = {
			isa = PBXGroup;
			children = (
				48FEA1782F30E9F2007986D3 /* Netflix Clone Ukit */,
				48FEA18F2F30E9F5007986D3 /* Netflix Clone UkitTests */,
				48FEA1992F30E9F5007986D3 /* Netflix Clone UkitUITests */,
				48FEA1772F30E9F2007986D3 /* Products */,
			);
			sourceTree = "<group>";
		};
		48FEA1772F30E9F2007986D3 /* Products */ = {
			isa = PBXGroup;
			children = (
				48FEA1762F30E9F2007986D3 /* Netflix Clone Ukit.app */,
				48FEA18C2F30E9F5007986D3 /* Netflix Clone UkitTests.xctest */,
				48FEA1962F30E9F5007986D3 /* Netflix Clone UkitUITests.xctest */,
			);
			name = Products;
			sourceTree = "<group>";
		};
/* End PBXGroup section */

/* Begin PBXNativeTarget section */
		48FEA1752F30E9F2007986D3 /* Netflix Clone Ukit */ = {
			isa = PBXNativeTarget;
			buildConfigurationList = 48FEA19F2F30E9F5007986D3 /* Build configuration list for PBXNativeTarget "Netflix Clone Ukit" */;
			buildPhases = (
				48FEA1722F30E9F2007986D3 /* Sources */,
				48FEA1732F30E9F2007986D3 /* Frameworks */,
				48FEA1742F30E9F2007986D3 /* Resources */,
			);
			buildRules = (
			);
			dependencies = (
			);
			fileSystemSynchronizedGroups = (
				48FEA1782F30E9F2007986D3 /* Netflix Clone Ukit */,
			);
			name = "Netflix Clone Ukit";
			packageProductDependencies = (
				48387E232F41D6140055CC75 /* SDWebImage */,
			);
			productName = "Netflix Clone Ukit";
			productReference = 48FEA1762F30E9F2007986D3 /* Netflix Clone Ukit.app */;
			productType = "com.apple.product-type.application";
		};
		48FEA18B2F30E9F5007986D3 /* Netflix Clone UkitTests */ = {
			isa = PBXNativeTarget;
			buildConfigurationList = 48FEA1A42F30E9F5007986D3 /* Build configuration list for PBXNativeTarget "Netflix Clone UkitTests" */;
			buildPhases = (
				48FEA1882F30E9F5007986D3 /* Sources */,
				48FEA1892F30E9F5007986D3 /* Frameworks */,
				48FEA18A2F30E9F5007986D3 /* Resources */,
			);
			buildRules = (
			);
			dependencies = (
				48FEA18E2F30E9F5007986D3 /* PBXTargetDependency */,
			);
			fileSystemSynchronizedGroups = (
				48FEA18F2F30E9F5007986D3 /* Netflix Clone UkitTests */,
			);
			name = "Netflix Clone UkitTests";
			packageProductDependencies = (
			);
			productName = "Netflix Clone UkitTests";
			productReference = 48FEA18C2F30E9F5007986D3 /* Netflix Clone UkitTests.xctest */;
			productType = "com.apple.product-type.bundle.unit-test";
		};
		48FEA1952F30E9F5007986D3 /* Netflix Clone UkitUITests */ = {
			isa = PBXNativeTarget;
			buildConfigurationList = 48FEA1A72F30E9F5007986D3 /* Build configuration list for PBXNativeTarget "Netflix Clone UkitUITests" */;
			buildPhases = (
				48FEA1922F30E9F5007986D3 /* Sources */,
				48FEA1932F30E9F5007986D3 /* Frameworks */,
				48FEA1942F30E9F5007986D3 /* Resources */,
			);
			buildRules = (
			);
			dependencies = (
				48FEA1982F30E9F5007986D3 /* PBXTargetDependency */,
			);
			fileSystemSynchronizedGroups = (
				48FEA1992F30E9F5007986D3 /* Netflix Clone UkitUITests */,
			);
			name = "Netflix Clone UkitUITests";
			packageProductDependencies = (
			);
			productName = "Netflix Clone UkitUITests";
			productReference = 48FEA1962F30E9F5007986D3 /* Netflix Clone UkitUITests.xctest */;
			productType = "com.apple.product-type.bundle.ui-testing";
		};
/* End PBXNativeTarget section */

/* Begin PBXProject section */
		48FEA16E2F30E9F2007986D3 /* Project object */ = {
			isa = PBXProject;
			attributes = {
				BuildIndependentTargetsInParallel = 1;
				LastSwiftUpdateCheck = 2620;
				LastUpgradeCheck = 2620;
				TargetAttributes = {
					48FEA1752F30E9F2007986D3 = {
						CreatedOnToolsVersion = 26.2;
					};
					48FEA18B2F30E9F5007986D3 = {
						CreatedOnToolsVersion = 26.2;
						TestTargetID = 48FEA1752F30E9F2007986D3;
					};
					48FEA1952F30E9F5007986D3 = {
						CreatedOnToolsVersion = 26.2;
						TestTargetID = 48FEA1752F30E9F2007986D3;
					};
				};
			};
			buildConfigurationList = 48FEA1712F30E9F2007986D3 /* Build configuration list for PBXProject "Netflix Clone Ukit" */;
			developmentRegion = en;
			hasScannedForEncodings = 0;
			knownRegions = (
				en,
				Base,
			);
			mainGroup = 48FEA16D2F30E9F2007986D3;
			minimizedProjectReferenceProxies = 1;
			packageReferences = (
				48387E222F41D6140055CC75 /* XCRemoteSwiftPackageReference "SDWebImage" */,
			);
			preferredProjectObjectVersion = 77;
			productRefGroup = 48FEA1772F30E9F2007986D3 /* Products */;
			projectDirPath = "";
			projectRoot = "";
			targets = (
				48FEA1752F30E9F2007986D3 /* Netflix Clone Ukit */,
				48FEA18B2F30E9F5007986D3 /* Netflix Clone UkitTests */,
				48FEA1952F30E9F5007986D3 /* Netflix Clone UkitUITests */,
			);
		};
/* End PBXProject section */

/* Begin PBXResourcesBuildPhase section */
		48FEA1742F30E9F2007986D3 /* Resources */ = {
			isa = PBXResourcesBuildPhase;
			buildActionMask = 2147483647;
			files = (
			);
			runOnlyForDeploymentPostprocessing = 0;
		};
		48FEA18A2F30E9F5007986D3 /* Resources */ = {
			isa = PBXResourcesBuildPhase;
			buildActionMask = 2147483647;
			files = (
			);
			runOnlyForDeploymentPostprocessing = 0;
		};
		48FEA1942F30E9F5007986D3 /* Resources */ = {
			isa = PBXResourcesBuildPhase;
			buildActionMask = 2147483647;
			files = (
			);
			runOnlyForDeploymentPostprocessing = 0;
		};
/* End PBXResourcesBuildPhase section */

/* Begin PBXSourcesBuildPhase section */
		48FEA1722F30E9F2007986D3 /* Sources */ = {
			isa = PBXSourcesBuildPhase;
			buildActionMask = 2147483647;
			files = (
			);
			runOnlyForDeploymentPostprocessing = 0;
		};
		48FEA1882F30E9F5007986D3 /* Sources */ = {
			isa = PBXSourcesBuildPhase;
			buildActionMask = 2147483647;
			files = (
			);
			runOnlyForDeploymentPostprocessing = 0;
		};
		48FEA1922F30E9F5007986D3 /* Sources */ = {
			isa = PBXSourcesBuildPhase;
			buildActionMask = 2147483647;
			files = (
			);
			runOnlyForDeploymentPostprocessing = 0;
		};
/* End PBXSourcesBuildPhase section */

/* Begin PBXTargetDependency section */
		48FEA18E2F30E9F5007986D3 /* PBXTargetDependency */ = {
			isa = PBXTargetDependency;
			target = 48FEA1752F30E9F2007986D3 /* Netflix Clone Ukit */;
			targetProxy = 48FEA18D2F30E9F5007986D3 /* PBXContainerItemProxy */;
		};
		48FEA1982F30E9F5007986D3 /* PBXTargetDependency */ = {
			isa = PBXTargetDependency;
			target = 48FEA1752F30E9F2007986D3 /* Netflix Clone Ukit */;
			targetProxy = 48FEA1972F30E9F5007986D3 /* PBXContainerItemProxy */;
		};
/* End PBXTargetDependency section */

/* Begin XCBuildConfiguration section */
		48FEA1A02F30E9F5007986D3 /* Debug */ = {
			isa = XCBuildConfiguration;
			buildSettings = {
				ASSETCATALOG_COMPILER_APPICON_NAME = AppIcon;
				ASSETCATALOG_COMPILER_GLOBAL_ACCENT_COLOR_NAME = AccentColor;
				CODE_SIGN_STYLE = Automatic;
				CURRENT_PROJECT_VERSION = 1;
				DEVELOPMENT_TEAM = SD67P42M35;
				GENERATE_INFOPLIST_FILE = YES;
				INFOPLIST_FILE = "Netflix Clone Ukit/Info.plist";
				INFOPLIST_KEY_UIApplicationSupportsIndirectInputEvents = YES;
				INFOPLIST_KEY_UILaunchStoryboardName = LaunchScreen;
				INFOPLIST_KEY_UISupportedInterfaceOrientations_iPad = "UIInterfaceOrientationPortrait UIInterfaceOrientationPortraitUpsideDown UIInterfaceOrientationLandscapeLeft UIInterfaceOrientationLandscapeRight";
				INFOPLIST_KEY_UISupportedInterfaceOrientations_iPhone = "UIInterfaceOrientationPortrait UIInterfaceOrientationLandscapeLeft UIInterfaceOrientationLandscapeRight";
				LD_RUNPATH_SEARCH_PATHS = (
					"$(inherited)",
					"@executable_path/Frameworks",
				);
				MARKETING_VERSION = 1.0;
				PRODUCT_BUNDLE_IDENTIFIER = "gmekv.Netflix-Clone-Ukit";
				PRODUCT_NAME = "$(TARGET_NAME)";
				STRING_CATALOG_GENERATE_SYMBOLS = YES;
				SUPPORTED_PLATFORMS = "iphoneos iphonesimulator";
				SUPPORTS_MACCATALYST = NO;
				SUPPORTS_MAC_DESIGNED_FOR_IPHONE_IPAD = NO;
				SUPPORTS_XR_DESIGNED_FOR_IPHONE_IPAD = NO;
				SWIFT_APPROACHABLE_CONCURRENCY = YES;
				SWIFT_EMIT_LOC_STRINGS = YES;
				SWIFT_UPCOMING_FEATURE_MEMBER_IMPORT_VISIBILITY = YES;
				SWIFT_VERSION = 5.0;
				TARGETED_DEVICE_FAMILY = 1;
			};
			name = Debug;
		};
		48FEA1A12F30E9F5007986D3 /* Release */ = {
			isa = XCBuildConfiguration;
			buildSettings = {
				ASSETCATALOG_COMPILER_APPICON_NAME = AppIcon;
				ASSETCATALOG_COMPILER_GLOBAL_ACCENT_COLOR_NAME = AccentColor;
				CODE_SIGN_STYLE = Automatic;
				CURRENT_PROJECT_VERSION = 1;
				DEVELOPMENT_TEAM = SD67P42M35;
				GENERATE_INFOPLIST_FILE = YES;
				INFOPLIST_FILE = "Netflix Clone Ukit/Info.plist";
				INFOPLIST_KEY_UIApplicationSupportsIndirectInputEvents = YES;
				INFOPLIST_KEY_UILaunchStoryboardName = LaunchScreen;
				INFOPLIST_KEY_UISupportedInterfaceOrientations_iPad = "UIInterfaceOrientationPortrait UIInterfaceOrientationPortraitUpsideDown UIInterfaceOrientationLandscapeLeft UIInterfaceOrientationLandscapeRight";
				INFOPLIST_KEY_UISupportedInterfaceOrientations_iPhone = "UIInterfaceOrientationPortrait UIInterfaceOrientationLandscapeLeft UIInterfaceOrientationLandscapeRight";
				LD_RUNPATH_SEARCH_PATHS = (
					"$(inherited)",
					"@executable_path/Frameworks",
				);
				MARKETING_VERSION = 1.0;
				PRODUCT_BUNDLE_IDENTIFIER = "gmekv.Netflix-Clone-Ukit";
				PRODUCT_NAME = "$(TARGET_NAME)";
				STRING_CATALOG_GENERATE_SYMBOLS = YES;
				SUPPORTED_PLATFORMS = "iphoneos iphonesimulator";
				SUPPORTS_MACCATALYST = NO;
				SUPPORTS_MAC_DESIGNED_FOR_IPHONE_IPAD = NO;
				SUPPORTS_XR_DESIGNED_FOR_IPHONE_IPAD = NO;
				SWIFT_APPROACHABLE_CONCURRENCY = YES;
				SWIFT_EMIT_LOC_STRINGS = YES;
				SWIFT_UPCOMING_FEATURE_MEMBER_IMPORT_VISIBILITY = YES;
				SWIFT_VERSION = 5.0;
				TARGETED_DEVICE_FAMILY = 1;
			};
			name = Release;
		};
		48FEA1A22F30E9F5007986D3 /* Debug */ = {
			isa = XCBuildConfiguration;
			buildSettings = {
				ALWAYS_SEARCH_USER_PATHS = NO;
				ASSETCATALOG_COMPILER_GENERATE_SWIFT_ASSET_SYMBOL_EXTENSIONS = YES;
				CLANG_ANALYZER_NONNULL = YES;
				CLANG_ANALYZER_NUMBER_OBJECT_CONVERSION = YES_AGGRESSIVE;
				CLANG_CXX_LANGUAGE_STANDARD = "gnu++20";
				CLANG_ENABLE_MODULES = YES;
				CLANG_ENABLE_OBJC_ARC = YES;
				CLANG_ENABLE_OBJC_WEAK = YES;
				CLANG_WARN_BLOCK_CAPTURE_AUTORELEASING = YES;
				CLANG_WARN_BOOL_CONVERSION = YES;
				CLANG_WARN_COMMA = YES;
				CLANG_WARN_CONSTANT_CONVERSION = YES;
				CLANG_WARN_DEPRECATED_OBJC_IMPLEMENTATIONS = YES;
				CLANG_WARN_DIRECT_OBJC_ISA_USAGE = YES_ERROR;
				CLANG_WARN_DOCUMENTATION_COMMENTS = YES;
				CLANG_WARN_EMPTY_BODY = YES;
				CLANG_WARN_ENUM_CONVERSION = YES;
				CLANG_WARN_INFINITE_RECURSION = YES;
				CLANG_WARN_INT_CONVERSION = YES;
				CLANG_WARN_NON_LITERAL_NULL_CONVERSION = YES;
				CLANG_WARN_OBJC_IMPLICIT_RETAIN_SELF = YES;
				CLANG_WARN_OBJC_LITERAL_CONVERSION = YES;
				CLANG_WARN_OBJC_ROOT_CLASS = YES_ERROR;
				CLANG_WARN_QUOTED_INCLUDE_IN_FRAMEWORK_HEADER = YES;
				CLANG_WARN_RANGE_LOOP_ANALYSIS = YES;
				CLANG_WARN_STRICT_PROTOTYPES = YES;
				CLANG_WARN_SUSPICIOUS_MOVE = YES;
				CLANG_WARN_UNGUARDED_AVAILABILITY = YES_AGGRESSIVE;
				CLANG_WARN_UNREACHABLE_CODE = YES;
				CLANG_WARN__DUPLICATE_METHOD_MATCH = YES;
				COPY_PHASE_STRIP = NO;
				DEBUG_INFORMATION_FORMAT = dwarf;
				DEVELOPMENT_TEAM = SD67P42M35;
				ENABLE_STRICT_OBJC_MSGSEND = YES;
				ENABLE_TESTABILITY = YES;
				ENABLE_USER_SCRIPT_SANDBOXING = YES;
				GCC_C_LANGUAGE_STANDARD = gnu17;
				GCC_DYNAMIC_NO_PIC = NO;
				GCC_NO_COMMON_BLOCKS = YES;
				GCC_OPTIMIZATION_LEVEL = 0;
				GCC_PREPROCESSOR_DEFINITIONS = (
					"DEBUG=1",
					"$(inherited)",
				);
				GCC_WARN_64_TO_32_BIT_CONVERSION = YES;
				GCC_WARN_ABOUT_RETURN_TYPE = YES_ERROR;
				GCC_WARN_UNDECLARED_SELECTOR = YES;
				GCC_WARN_UNINITIALIZED_AUTOS = YES_AGGRESSIVE;
				GCC_WARN_UNUSED_FUNCTION = YES;
				GCC_WARN_UNUSED_VARIABLE = YES;
				IPHONEOS_DEPLOYMENT_TARGET = 26.2;
				LOCALIZATION_PREFERS_STRING_CATALOGS = YES;
				MTL_ENABLE_DEBUG_INFO = INCLUDE_SOURCE;
				MTL_FAST_MATH = YES;
				ONLY_ACTIVE_ARCH = YES;
				SDKROOT = iphoneos;
				SWIFT_ACTIVE_COMPILATION_CONDITIONS = "DEBUG $(inherited)";
				SWIFT_OPTIMIZATION_LEVEL = "-Onone";
			};
			name = Debug;
		};
		48FEA1A32F30E9F5007986D3 /* Release */ = {
			isa = XCBuildConfiguration;
			buildSettings = {
				ALWAYS_SEARCH_USER_PATHS = NO;
				ASSETCATALOG_COMPILER_GENERATE_SWIFT_ASSET_SYMBOL_EXTENSIONS = YES;
				CLANG_ANALYZER_NONNULL = YES;
				CLANG_ANALYZER_NUMBER_OBJECT_CONVERSION = YES_AGGRESSIVE;
				CLANG_CXX_LANGUAGE_STANDARD = "gnu++20";
				CLANG_ENABLE_MODULES = YES;
				CLANG_ENABLE_OBJC_ARC = YES;
				CLANG_ENABLE_OBJC_WEAK = YES;
				CLANG_WARN_BLOCK_CAPTURE_AUTORELEASING = YES;
				CLANG_WARN_BOOL_CONVERSION = YES;
				CLANG_WARN_COMMA = YES;
				CLANG_WARN_CONSTANT_CONVERSION = YES;
				CLANG_WARN_DEPRECATED_OBJC_IMPLEMENTATIONS = YES;
				CLANG_WARN_DIRECT_OBJC_ISA_USAGE = YES_ERROR;
				CLANG_WARN_DOCUMENTATION_COMMENTS = YES;
				CLANG_WARN_EMPTY_BODY = YES;
				CLANG_WARN_ENUM_CONVERSION = YES;
				CLANG_WARN_INFINITE_RECURSION = YES;
				CLANG_WARN_INT_CONVERSION = YES;
				CLANG_WARN_NON_LITERAL_NULL_CONVERSION = YES;
				CLANG_WARN_OBJC_IMPLICIT_RETAIN_SELF = YES;
				CLANG_WARN_OBJC_LITERAL_CONVERSION = YES;
				CLANG_WARN_OBJC_ROOT_CLASS = YES_ERROR;
				CLANG_WARN_QUOTED_INCLUDE_IN_FRAMEWORK_HEADER = YES;
				CLANG_WARN_RANGE_LOOP_ANALYSIS = YES;
				CLANG_WARN_STRICT_PROTOTYPES = YES;
				CLANG_WARN_SUSPICIOUS_MOVE = YES;
				CLANG_WARN_UNGUARDED_AVAILABILITY = YES_AGGRESSIVE;
				CLANG_WARN_UNREACHABLE_CODE = YES;
				CLANG_WARN__DUPLICATE_METHOD_MATCH = YES;
				COPY_PHASE_STRIP = NO;
				DEBUG_INFORMATION_FORMAT = "dwarf-with-dsym";
				DEVELOPMENT_TEAM = SD67P42M35;
				ENABLE_NS_ASSERTIONS = NO;
				ENABLE_STRICT_OBJC_MSGSEND = YES;
				ENABLE_USER_SCRIPT_SANDBOXING = YES;
				GCC_C_LANGUAGE_STANDARD = gnu17;
				GCC_NO_COMMON_BLOCKS = YES;
				GCC_WARN_64_TO_32_BIT_CONVERSION = YES;
				GCC_WARN_ABOUT_RETURN_TYPE = YES_ERROR;
				GCC_WARN_UNDECLARED_SELECTOR = YES;
				GCC_WARN_UNINITIALIZED_AUTOS = YES_AGGRESSIVE;
				GCC_WARN_UNUSED_FUNCTION = YES;
				GCC_WARN_UNUSED_VARIABLE = YES;
				IPHONEOS_DEPLOYMENT_TARGET = 26.2;
				LOCALIZATION_PREFERS_STRING_CATALOGS = YES;
				MTL_ENABLE_DEBUG_INFO = NO;
				MTL_FAST_MATH = YES;
				SDKROOT = iphoneos;
				SWIFT_COMPILATION_MODE = wholemodule;
				VALIDATE_PRODUCT = YES;
			};
			name = Release;
		};
		48FEA1A52F30E9F5007986D3 /* Debug */ = {
			isa = XCBuildConfiguration;
			buildSettings = {
				BUNDLE_LOADER = "$(TEST_HOST)";
				CODE_SIGN_STYLE = Automatic;
				CURRENT_PROJECT_VERSION = 1;
				DEVELOPMENT_TEAM = SD67P42M35;
				GENERATE_INFOPLIST_FILE = YES;
				IPHONEOS_DEPLOYMENT_TARGET = 26.2;
				MARKETING_VERSION = 1.0;
				PRODUCT_BUNDLE_IDENTIFIER = "gmekv.Netflix-Clone-UkitTests";
				PRODUCT_NAME = "$(TARGET_NAME)";
				STRING_CATALOG_GENERATE_SYMBOLS = NO;
				SWIFT_APPROACHABLE_CONCURRENCY = YES;
				SWIFT_EMIT_LOC_STRINGS = NO;
				SWIFT_UPCOMING_FEATURE_MEMBER_IMPORT_VISIBILITY = YES;
				SWIFT_VERSION = 5.0;
				TARGETED_DEVICE_FAMILY = "1,2";
				TEST_HOST = "$(BUILT_PRODUCTS_DIR)/Netflix Clone Ukit.app/$(BUNDLE_EXECUTABLE_FOLDER_PATH)/Netflix Clone Ukit";
			};
			name = Debug;
		};
		48FEA1A62F30E9F5007986D3 /* Release */ = {
			isa = XCBuildConfiguration;
			buildSettings = {
				BUNDLE_LOADER = "$(TEST_HOST)";
				CODE_SIGN_STYLE = Automatic;
				CURRENT_PROJECT_VERSION = 1;
				DEVELOPMENT_TEAM = SD67P42M35;
				GENERATE_INFOPLIST_FILE = YES;
				IPHONEOS_DEPLOYMENT_TARGET = 26.2;
				MARKETING_VERSION = 1.0;
				PRODUCT_BUNDLE_IDENTIFIER = "gmekv.Netflix-Clone-UkitTests";
				PRODUCT_NAME = "$(TARGET_NAME)";
				STRING_CATALOG_GENERATE_SYMBOLS = NO;
				SWIFT_APPROACHABLE_CONCURRENCY = YES;
				SWIFT_EMIT_LOC_STRINGS = NO;
				SWIFT_UPCOMING_FEATURE_MEMBER_IMPORT_VISIBILITY = YES;
				SWIFT_VERSION = 5.0;
				TARGETED_DEVICE_FAMILY = "1,2";
				TEST_HOST = "$(BUILT_PRODUCTS_DIR)/Netflix Clone Ukit.app/$(BUNDLE_EXECUTABLE_FOLDER_PATH)/Netflix Clone Ukit";
			};
			name = Release;
		};
		48FEA1A82F30E9F5007986D3 /* Debug */ = {
			isa = XCBuildConfiguration;
			buildSettings = {
				CODE_SIGN_STYLE = Automatic;
				CURRENT_PROJECT_VERSION = 1;
				DEVELOPMENT_TEAM = SD67P42M35;
				GENERATE_INFOPLIST_FILE = YES;
				MARKETING_VERSION = 1.0;
				PRODUCT_BUNDLE_IDENTIFIER = "gmekv.Netflix-Clone-UkitUITests";
				PRODUCT_NAME = "$(TARGET_NAME)";
				STRING_CATALOG_GENERATE_SYMBOLS = NO;
				SWIFT_APPROACHABLE_CONCURRENCY = YES;
				SWIFT_EMIT_LOC_STRINGS = NO;
				SWIFT_UPCOMING_FEATURE_MEMBER_IMPORT_VISIBILITY = YES;
				SWIFT_VERSION = 5.0;
				TARGETED_DEVICE_FAMILY = "1,2";
				TEST_TARGET_NAME = "Netflix Clone Ukit";
			};
			name = Debug;
		};
		48FEA1A92F30E9F5007986D3 /* Release */ = {
			isa = XCBuildConfiguration;
			buildSettings = {
				CODE_SIGN_STYLE = Automatic;
				CURRENT_PROJECT_VERSION = 1;
				DEVELOPMENT_TEAM = SD67P42M35;
				GENERATE_INFOPLIST_FILE = YES;
				MARKETING_VERSION = 1.0;
				PRODUCT_BUNDLE_IDENTIFIER = "gmekv.Netflix-Clone-UkitUITests";
				PRODUCT_NAME = "$(TARGET_NAME)";
				STRING_CATALOG_GENERATE_SYMBOLS = NO;
				SWIFT_APPROACHABLE_CONCURRENCY = YES;
				SWIFT_EMIT_LOC_STRINGS = NO;
				SWIFT_UPCOMING_FEATURE_MEMBER_IMPORT_VISIBILITY = YES;
				SWIFT_VERSION = 5.0;
				TARGETED_DEVICE_FAMILY = "1,2";
				TEST_TARGET_NAME = "Netflix Clone Ukit";
			};
			name = Release;
		};
/* End XCBuildConfiguration section */

/* Begin XCConfigurationList section */
		48FEA1712F30E9F2007986D3 /* Build configuration list for PBXProject "Netflix Clone Ukit" */ = {
			isa = XCConfigurationList;
			buildConfigurations = (
				48FEA1A22F30E9F5007986D3 /* Debug */,
				48FEA1A32F30E9F5007986D3 /* Release */,
			);
			defaultConfigurationIsVisible = 0;
			defaultConfigurationName = Release;
		};
		48FEA19F2F30E9F5007986D3 /* Build configuration list for PBXNativeTarget "Netflix Clone Ukit" */ = {
			isa = XCConfigurationList;
			buildConfigurations = (
				48FEA1A02F30E9F5007986D3 /* Debug */,
				48FEA1A12F30E9F5007986D3 /* Release */,
			);
			defaultConfigurationIsVisible = 0;
			defaultConfigurationName = Release;
		};
		48FEA1A42F30E9F5007986D3 /* Build configuration list for PBXNativeTarget "Netflix Clone UkitTests" */ = {
			isa = XCConfigurationList;
			buildConfigurations = (
				48FEA1A52F30E9F5007986D3 /* Debug */,
				48FEA1A62F30E9F5007986D3 /* Release */,
			);
			defaultConfigurationIsVisible = 0;
			defaultConfigurationName = Release;
		};
		48FEA1A72F30E9F5007986D3 /* Build configuration list for PBXNativeTarget "Netflix Clone UkitUITests" */ = {
			isa = XCConfigurationList;
			buildConfigurations = (
				48FEA1A82F30E9F5007986D3 /* Debug */,
				48FEA1A92F30E9F5007986D3 /* Release */,
			);
			defaultConfigurationIsVisible = 0;
			defaultConfigurationName = Release;
		};
/* End XCConfigurationList section */

/* Begin XCRemoteSwiftPackageReference section */
		48387E222F41D6140055CC75 /* XCRemoteSwiftPackageReference "SDWebImage" */ = {
			isa = XCRemoteSwiftPackageReference;
			repositoryURL = "https://github.com/SDWebImage/SDWebImage";
			requirement = {
				kind = upToNextMajorVersion;
				minimumVersion = 5.21.6;
			};
		};
/* End XCRemoteSwiftPackageReference section */

/* Begin XCSwiftPackageProductDependency section */
		48387E232F41D6140055CC75 /* SDWebImage */ = {
			isa = XCSwiftPackageProductDependency;
			package = 48387E222F41D6140055CC75 /* XCRemoteSwiftPackageReference "SDWebImage" */;
			productName = SDWebImage;
		};
/* End XCSwiftPackageProductDependency section */
	};
	rootObject = 48FEA16E2F30E9F2007986D3 /* Project object */;
}
